// !$*UTF8*$!
{
	archiveVersion = 1;
	classes = {
	};
	objectVersion = 46;
	objects = {

/* Begin PBXBuildFile section */
		A168C06B1CC6E52F00E58745 /* AppDelegate.swift in Sources */ = {isa = PBXBuildFile; fileRef = A168C06A1CC6E52F00E58745 /* AppDelegate.swift */; };
		A168C06D1CC6E52F00E58745 /* ViewController.swift in Sources */ = {isa = PBXBuildFile; fileRef = A168C06C1CC6E52F00E58745 /* ViewController.swift */; };
		A168C0701CC6E52F00E58745 /* Main.storyboard in Resources */ = {isa = PBXBuildFile; fileRef = A168C06E1CC6E52F00E58745 /* Main.storyboard */; };
		A168C0721CC6E52F00E58745 /* Assets.xcassets in Resources */ = {isa = PBXBuildFile; fileRef = A168C0711CC6E52F00E58745 /* Assets.xcassets */; };
		A168C0751CC6E52F00E58745 /* LaunchScreen.storyboard in Resources */ = {isa = PBXBuildFile; fileRef = A168C0731CC6E52F00E58745 /* LaunchScreen.storyboard */; };
		A17B998B1CC8A189009DB40C /* FriendsViewController.swift in Sources */ = {isa = PBXBuildFile; fileRef = A17B998A1CC8A189009DB40C /* FriendsViewController.swift */; };
		A17B998D1CC8A519009DB40C /* Friend.swift in Sources */ = {isa = PBXBuildFile; fileRef = A17B998C1CC8A519009DB40C /* Friend.swift */; };
		A17B998F1CC8A57F009DB40C /* SampleData.swift in Sources */ = {isa = PBXBuildFile; fileRef = A17B998E1CC8A57F009DB40C /* SampleData.swift */; };
/* End PBXBuildFile section */

/* Begin PBXFileReference section */
		A168C0671CC6E52F00E58745 /* Storyboard.app */ = {isa = PBXFileReference; explicitFileType = wrapper.application; includeInIndex = 0; path = Storyboard.app; sourceTree = BUILT_PRODUCTS_DIR; };
		A168C06A1CC6E52F00E58745 /* AppDelegate.swift */ = {isa = PBXFileReference; lastKnownFileType = sourcecode.swift; path = AppDelegate.swift; sourceTree = "<group>"; };
		A168C06C1CC6E52F00E58745 /* ViewController.swift */ = {isa = PBXFileReference; lastKnownFileType = sourcecode.swift; path = ViewController.swift; sourceTree = "<group>"; };
		A168C06F1CC6E52F00E58745 /* Base */ = {isa = PBXFileReference; lastKnownFileType = file.storyboard; name = Base; path = Base.lproj/Main.storyboard; sourceTree = "<group>"; };
		A168C0711CC6E52F00E58745 /* Assets.xcassets */ = {isa = PBXFileReference; lastKnownFileType = folder.assetcatalog; path = Assets.xcassets; sourceTree = "<group>"; };
		A168C0741CC6E52F00E58745 /* Base */ = {isa = PBXFileReference; lastKnownFileType = file.storyboard; name = Base; path = Base.lproj/LaunchScreen.storyboard; sourceTree = "<group>"; };
		A168C0761CC6E52F00E58745 /* Info.plist */ = {isa = PBXFileReference; lastKnownFileType = text.plist.xml; path = Info.plist; sourceTree = "<group>"; };
		A17B998A1CC8A189009DB40C /* FriendsViewController.swift */ = {isa = PBXFileReference; fileEncoding = 4; lastKnownFileType = sourcecode.swift; path = FriendsViewController.swift; sourceTree = "<group>"; };
		A17B998C1CC8A519009DB40C /* Friend.swift */ = {isa = PBXFileReference; fileEncoding = 4; lastKnownFileType = sourcecode.swift; path = Friend.swift; sourceTree = "<group>"; };
		A17B998E1CC8A57F009DB40C /* SampleData.swift */ = {isa = PBXFileReference; fileEncoding = 4; lastKnownFileType = sourcecode.swift; path = SampleData.swift; sourceTree = "<group>"; };
/* End PBXFileReference section */

/* Begin PBXFrameworksBuildPhase section */
		A168C0641CC6E52F00E58745 /* Frameworks */ = {
			isa = PBXFrameworksBuildPhase;
			buildActionMask = 2147483647;
			files = (
			);
			runOnlyForDeploymentPostprocessing = 0;
		};
/* End PBXFrameworksBuildPhase section */

/* Begin PBXGroup section */
		A168C05E1CC6E52F00E58745 = {
			isa = PBXGroup;
			children = (
				A168C0691CC6E52F00E58745 /* Storyboard */,
				A168C0681CC6E52F00E58745 /* Products */,
			);
			sourceTree = "<group>";
		};
		A168C0681CC6E52F00E58745 /* Products */ = {
			isa = PBXGroup;
			children = (
				A168C0671CC6E52F00E58745 /* Storyboard.app */,
			);
			name = Products;
			sourceTree = "<group>";
		};
		A168C0691CC6E52F00E58745 /* Storyboard */ = {
			isa = PBXGroup;
			children = (
				A168C06A1CC6E52F00E58745 /* AppDelegate.swift */,
				A168C06C1CC6E52F00E58745 /* ViewController.swift */,
				A168C06E1CC6E52F00E58745 /* Main.storyboard */,
				A17B998C1CC8A519009DB40C /* Friend.swift */,
				A17B998E1CC8A57F009DB40C /* SampleData.swift */,
				A17B998A1CC8A189009DB40C /* FriendsViewController.swift */,
				A168C0711CC6E52F00E58745 /* Assets.xcassets */,
				A168C0731CC6E52F00E58745 /* LaunchScreen.storyboard */,
				A168C0761CC6E52F00E58745 /* Info.plist */,
			);
			path = Storyboard;
			sourceTree = "<group>";
		};
/* End PBXGroup section */

/* Begin PBXNativeTarget section */
		A168C0661CC6E52F00E58745 /* Storyboard */ = {
			isa = PBXNativeTarget;
			buildConfigurationList = A168C0791CC6E52F00E58745 /* Build configuration list for PBXNativeTarget "Storyboard" */;
			buildPhases = (
				A168C0631CC6E52F00E58745 /* Sources */,
				A168C0641CC6E52F00E58745 /* Frameworks */,
				A168C0651CC6E52F00E58745 /* Resources */,
			);
			buildRules = (
			);
			dependencies = (
			);
			name = Storyboard;
			productName = Storyboard;
			productReference = A168C0671CC6E52F00E58745 /* Storyboard.app */;
			productType = "com.apple.product-type.application";
		};
/* End PBXNativeTarget section */

/* Begin PBXProject section */
		A168C05F1CC6E52F00E58745 /* Project object */ = {
			isa = PBXProject;
			attributes = {
				LastSwiftUpdateCheck = 0730;
				LastUpgradeCheck = 0730;
				ORGANIZATIONNAME = "Ana Torrijos";
				TargetAttributes = {
					A168C0661CC6E52F00E58745 = {
						CreatedOnToolsVersion = 7.3;
					};
				};
			};
			buildConfigurationList = A168C0621CC6E52F00E58745 /* Build configuration list for PBXProject "Storyboard" */;
			compatibilityVersion = "Xcode 3.2";
			developmentRegion = English;
			hasScannedForEncodings = 0;
			knownRegions = (
				en,
				Base,
			);
			mainGroup = A168C05E1CC6E52F00E58745;
			productRefGroup = A168C0681CC6E52F00E58745 /* Products */;
			projectDirPath = "";
			projectRoot = "";
			targets = (
				A168C0661CC6E52F00E58745 /* Storyboard */,
			);
		};
/* End PBXProject section */

/* Begin PBXResourcesBuildPhase section */
		A168C0651CC6E52F00E58745 /* Resources */ = {
			isa = PBXResourcesBuildPhase;
			buildActionMask = 2147483647;
			files = (
				A168C0751CC6E52F00E58745 /* LaunchScreen.storyboard in Resources */,
				A168C0721CC6E52F00E58745 /* Assets.xcassets in Resources */,
				A168C0701CC6E52F00E58745 /* Main.storyboard in Resources */,
			);
			runOnlyForDeploymentPostprocessing = 0;
		};
/* End PBXResourcesBuildPhase section */

/* Begin PBXSourcesBuildPhase section */
		A168C0631CC6E52F00E58745 /* Sources */ = {
			isa = PBXSourcesBuildPhase;
			buildActionMask = 2147483647;
			files = (
				A168C06D1CC6E52F00E58745 /* ViewController.swift in Sources */,
				A168C06B1CC6E52F00E58745 /* AppDelegate.swift in Sources */,
				A17B998B1CC8A189009DB40C /* FriendsViewController.swift in Sources */,
				A17B998F1CC8A57F009DB40C /* SampleData.swift in Sources */,
				A17B998D1CC8A519009DB40C /* Friend.swift in Sources */,
			);
			runOnlyForDeploymentPostprocessing = 0;
		};
/* End PBXSourcesBuildPhase section */

/* Begin PBXVariantGroup section */
		A168C06E1CC6E52F00E58745 /* Main.storyboard */ = {
			isa = PBXVariantGroup;
			children = (
				A168C06F1CC6E52F00E58745 /* Base */,
			);
			name = Main.storyboard;
			sourceTree = "<group>";
		};
		A168C0731CC6E52F00E58745 /* LaunchScreen.storyboard */ = {
			isa = PBXVariantGroup;
			children = (
				A168C0741CC6E52F00E58745 /* Base */,
			);
			name = LaunchScreen.storyboard;
			sourceTree = "<group>";
		};
/* End PBXVariantGroup section */

/* Begin XCBuildConfiguration section */
		A168C0771CC6E52F00E58745 /* Debug */ = {
			isa = XCBuildConfiguration;
			buildSettings = {
				ALWAYS_SEARCH_USER_PATHS = NO;
				CLANG_ANALYZER_NONNULL = YES;
				CLANG_CXX_LANGUAGE_STANDARD = "gnu++0x";
				CLANG_CXX_LIBRARY = "libc++";
				CLANG_ENABLE_MODULES = YES;
				CLANG_ENABLE_OBJC_ARC = YES;
				CLANG_WARN_BOOL_CONVERSION = YES;
				CLANG_WARN_CONSTANT_CONVERSION = YES;
				CLANG_WARN_DIRECT_OBJC_ISA_USAGE = YES_ERROR;
				CLANG_WARN_EMPTY_BODY = YES;
				CLANG_WARN_ENUM_CONVERSION = YES;
				CLANG_WARN_INT_CONVERSION = YES;
				CLANG_WARN_OBJC_ROOT_CLASS = YES_ERROR;
				CLANG_WARN_UNREACHABLE_CODE = YES;
				CLANG_WARN__DUPLICATE_METHOD_MATCH = YES;
				"CODE_SIGN_IDENTITY[sdk=iphoneos*]" = "iPhone Developer";
				COPY_PHASE_STRIP = NO;
				DEBUG_INFORMATION_FORMAT = dwarf;
				ENABLE_STRICT_OBJC_MSGSEND = YES;
				ENABLE_TESTABILITY = YES;
				GCC_C_LANGUAGE_STANDARD = gnu99;
				GCC_DYNAMIC_NO_PIC = NO;
				GCC_NO_COMMON_BLOCKS = YES;
				GCC_OPTIMIZATION_LEVEL = 0;
				GCC_PREPROCESSOR_DEFINITIONS = (
					"DEBUG=1",
					"$(inherited)",
				);
				GCC_WARN_64_TO_32_BIT_CONVERSION = YES;
				GCC_WARN_ABOUT_RETURN_TYPE = YES_ERROR;
				GCC_WARN_UNDECLARED_SELECTOR = YES;
				GCC_WARN_UNINITIALIZED_AUTOS = YES_AGGRESSIVE;
				GCC_WARN_UNUSED_FUNCTION = YES;
				GCC_WARN_UNUSED_VARIABLE = YES;
				IPHONEOS_DEPLOYMENT_TARGET = 9.3;
				MTL_ENABLE_DEBUG_INFO = YES;
				ONLY_ACTIVE_ARCH = YES;
				SDKROOT = iphoneos;
				SWIFT_OPTIMIZATION_LEVEL = "-Onone";
			};
			name = Debug;
		};
		A168C0781CC6E52F00E58745 /* Release */ = {
			isa = XCBuildConfiguration;
			buildSettings = {
				ALWAYS_SEARCH_USER_PATHS = NO;
				CLANG_ANALYZER_NONNULL = YES;
				CLANG_CXX_LANGUAGE_STANDARD = "gnu++0x";
				CLANG_CXX_LIBRARY = "libc++";
				CLANG_ENABLE_MODULES = YES;
				CLANG_ENABLE_OBJC_ARC = YES;
				CLANG_WARN_BOOL_CONVERSION = YES;
				CLANG_WARN_CONSTANT_CONVERSION = YES;
				CLANG_WARN_DIRECT_OBJC_ISA_USAGE = YES_ERROR;
				CLANG_WARN_EMPTY_BODY = YES;
				CLANG_WARN_ENUM_CONVERSION = YES;
				CLANG_WARN_INT_CONVERSION = YES;
				CLANG_WARN_OBJC_ROOT_CLASS = YES_ERROR;
				CLANG_WARN_UNREACHABLE_CODE = YES;
				CLANG_WARN__DUPLICATE_METHOD_MATCH = YES;
				"CODE_SIGN_IDENTITY[sdk=iphoneos*]" = "iPhone Developer";
				COPY_PHASE_STRIP = NO;
				DEBUG_INFORMATION_FORMAT = "dwarf-with-dsym";
				ENABLE_NS_ASSERTIONS = NO;
				ENABLE_STRICT_OBJC_MSGSEND = YES;
				GCC_C_LANGUAGE_STANDARD = gnu99;
				GCC_NO_COMMON_BLOCKS = YES;
				GCC_WARN_64_TO_32_BIT_CONVERSION = YES;
				GCC_WARN_ABOUT_RETURN_TYPE = YES_ERROR;
				GCC_WARN_UNDECLARED_SELECTOR = YES;
				GCC_WARN_UNINITIALIZED_AUTOS = YES_AGGRESSIVE;
				GCC_WARN_UNUSED_FUNCTION = YES;
				GCC_WARN_UNUSED_VARIABLE = YES;
				IPHONEOS_DEPLOYMENT_TARGET = 9.3;
				MTL_ENABLE_DEBUG_INFO = NO;
				SDKROOT = iphoneos;
				VALIDATE_PRODUCT = YES;
			};
			name = Release;
		};
		A168C07A1CC6E52F00E58745 /* Debug */ = {
			isa = XCBuildConfiguration;
			buildSettings = {
				ASSETCATALOG_COMPILER_APPICON_NAME = AppIcon;
				INFOPLIST_FILE = Storyboard/Info.plist;
				LD_RUNPATH_SEARCH_PATHS = "$(inherited) @executable_path/Frameworks";
				PRODUCT_BUNDLE_IDENTIFIER = UCSD.Storyboard;
				PRODUCT_NAME = "$(TARGET_NAME)";
			};
			name = Debug;
		};
		A168C07B1CC6E52F00E58745 /* Release */ = {
			isa = XCBuildConfiguration;
			buildSettings = {
				ASSETCATALOG_COMPILER_APPICON_NAME = AppIcon;
				INFOPLIST_FILE = Storyboard/Info.plist;
				LD_RUNPATH_SEARCH_PATHS = "$(inherited) @executable_path/Frameworks";
				PRODUCT_BUNDLE_IDENTIFIER = UCSD.Storyboard;
				PRODUCT_NAME = "$(TARGET_NAME)";
			};
			name = Release;
		};
/* End XCBuildConfiguration section */

/* Begin XCConfigurationList section */
		A168C0621CC6E52F00E58745 /* Build configuration list for PBXProject "Storyboard" */ = {
			isa = XCConfigurationList;
			buildConfigurations = (
				A168C0771CC6E52F00E58745 /* Debug */,
				A168C0781CC6E52F00E58745 /* Release */,
			);
			defaultConfigurationIsVisible = 0;
			defaultConfigurationName = Release;
		};
		A168C0791CC6E52F00E58745 /* Build configuration list for PBXNativeTarget "Storyboard" */ = {
			isa = XCConfigurationList;
			buildConfigurations = (
				A168C07A1CC6E52F00E58745 /* Debug */,
				A168C07B1CC6E52F00E58745 /* Release */,
			);
			defaultConfigurationIsVisible = 0;
			defaultConfigurationName = Release;
		};
/* End XCConfigurationList section */
	};
	rootObject = A168C05F1CC6E52F00E58745 /* Project object */;
}
