// !$*UTF8*$!
{
	archiveVersion = 1;
	classes = {
	};
	objectVersion = 46;
	objects = {

/* Begin PBXBuildFile section */
		A14997891CD14229003669DB /* AppDelegate.swift in Sources */ = {isa = PBXBuildFile; fileRef = A14997881CD14229003669DB /* AppDelegate.swift */; };
		A149978B1CD14229003669DB /* ViewController.swift in Sources */ = {isa = PBXBuildFile; fileRef = A149978A1CD14229003669DB /* ViewController.swift */; };
		A149978E1CD14229003669DB /* Main.storyboard in Resources */ = {isa = PBXBuildFile; fileRef = A149978C1CD14229003669DB /* Main.storyboard */; };
		A14997901CD14229003669DB /* Assets.xcassets in Resources */ = {isa = PBXBuildFile; fileRef = A149978F1CD14229003669DB /* Assets.xcassets */; };
		A14997931CD14229003669DB /* LaunchScreen.storyboard in Resources */ = {isa = PBXBuildFile; fileRef = A14997911CD14229003669DB /* LaunchScreen.storyboard */; };
/* End PBXBuildFile section */

/* Begin PBXFileReference section */
		A14997851CD14229003669DB /* First_draft.app */ = {isa = PBXFileReference; explicitFileType = wrapper.application; includeInIndex = 0; path = First_draft.app; sourceTree = BUILT_PRODUCTS_DIR; };
		A14997881CD14229003669DB /* AppDelegate.swift */ = {isa = PBXFileReference; lastKnownFileType = sourcecode.swift; path = AppDelegate.swift; sourceTree = "<group>"; };
		A149978A1CD14229003669DB /* ViewController.swift */ = {isa = PBXFileReference; lastKnownFileType = sourcecode.swift; path = ViewController.swift; sourceTree = "<group>"; };
		A149978D1CD14229003669DB /* Base */ = {isa = PBXFileReference; lastKnownFileType = file.storyboard; name = Base; path = Base.lproj/Main.storyboard; sourceTree = "<group>"; };
		A149978F1CD14229003669DB /* Assets.xcassets */ = {isa = PBXFileReference; lastKnownFileType = folder.assetcatalog; path = Assets.xcassets; sourceTree = "<group>"; };
		A14997921CD14229003669DB /* Base */ = {isa = PBXFileReference; lastKnownFileType = file.storyboard; name = Base; path = Base.lproj/LaunchScreen.storyboard; sourceTree = "<group>"; };
		A14997941CD14229003669DB /* Info.plist */ = {isa = PBXFileReference; lastKnownFileType = text.plist.xml; path = Info.plist; sourceTree = "<group>"; };
/* End PBXFileReference section */

/* Begin PBXFrameworksBuildPhase section */
		A14997821CD14229003669DB /* Frameworks */ = {
			isa = PBXFrameworksBuildPhase;
			buildActionMask = 2147483647;
			files = (
			);
			runOnlyForDeploymentPostprocessing = 0;
		};
/* End PBXFrameworksBuildPhase section */

/* Begin PBXGroup section */
		A149977C1CD14229003669DB = {
			isa = PBXGroup;
			children = (
				A14997871CD14229003669DB /* First_draft */,
				A14997861CD14229003669DB /* Products */,
			);
			sourceTree = "<group>";
		};
		A14997861CD14229003669DB /* Products */ = {
			isa = PBXGroup;
			children = (
				A14997851CD14229003669DB /* First_draft.app */,
			);
			name = Products;
			sourceTree = "<group>";
		};
		A14997871CD14229003669DB /* First_draft */ = {
			isa = PBXGroup;
			children = (
				A14997881CD14229003669DB /* AppDelegate.swift */,
				A149978A1CD14229003669DB /* ViewController.swift */,
				A149978C1CD14229003669DB /* Main.storyboard */,
				A149978F1CD14229003669DB /* Assets.xcassets */,
				A14997911CD14229003669DB /* LaunchScreen.storyboard */,
				A14997941CD14229003669DB /* Info.plist */,
			);
			path = First_draft;
			sourceTree = "<group>";
		};
/* End PBXGroup section */

/* Begin PBXNativeTarget section */
		A14997841CD14229003669DB /* First_draft */ = {
			isa = PBXNativeTarget;
			buildConfigurationList = A14997971CD14229003669DB /* Build configuration list for PBXNativeTarget "First_draft" */;
			buildPhases = (
				A14997811CD14229003669DB /* Sources */,
				A14997821CD14229003669DB /* Frameworks */,
				A14997831CD14229003669DB /* Resources */,
			);
			buildRules = (
			);
			dependencies = (
			);
			name = First_draft;
			productName = First_draft;
			productReference = A14997851CD14229003669DB /* First_draft.app */;
			productType = "com.apple.product-type.application";
		};
/* End PBXNativeTarget section */

/* Begin PBXProject section */
		A149977D1CD14229003669DB /* Project object */ = {
			isa = PBXProject;
			attributes = {
				LastSwiftUpdateCheck = 0730;
				LastUpgradeCheck = 0730;
				ORGANIZATIONNAME = "Ana Torrijos";
				TargetAttributes = {
					A14997841CD14229003669DB = {
						CreatedOnToolsVersion = 7.3;
					};
				};
			};
			buildConfigurationList = A14997801CD14229003669DB /* Build configuration list for PBXProject "First_draft" */;
			compatibilityVersion = "Xcode 3.2";
			developmentRegion = English;
			hasScannedForEncodings = 0;
			knownRegions = (
				en,
				Base,
			);
			mainGroup = A149977C1CD14229003669DB;
			productRefGroup = A14997861CD14229003669DB /* Products */;
			projectDirPath = "";
			projectRoot = "";
			targets = (
				A14997841CD14229003669DB /* First_draft */,
			);
		};
/* End PBXProject section */

/* Begin PBXResourcesBuildPhase section */
		A14997831CD14229003669DB /* Resources */ = {
			isa = PBXResourcesBuildPhase;
			buildActionMask = 2147483647;
			files = (
				A14997931CD14229003669DB /* LaunchScreen.storyboard in Resources */,
				A14997901CD14229003669DB /* Assets.xcassets in Resources */,
				A149978E1CD14229003669DB /* Main.storyboard in Resources */,
			);
			runOnlyForDeploymentPostprocessing = 0;
		};
/* End PBXResourcesBuildPhase section */

/* Begin PBXSourcesBuildPhase section */
		A14997811CD14229003669DB /* Sources */ = {
			isa = PBXSourcesBuildPhase;
			buildActionMask = 2147483647;
			files = (
				A149978B1CD14229003669DB /* ViewController.swift in Sources */,
				A14997891CD14229003669DB /* AppDelegate.swift in Sources */,
			);
			runOnlyForDeploymentPostprocessing = 0;
		};
/* End PBXSourcesBuildPhase section */

/* Begin PBXVariantGroup section */
		A149978C1CD14229003669DB /* Main.storyboard */ = {
			isa = PBXVariantGroup;
			children = (
				A149978D1CD14229003669DB /* Base */,
			);
			name = Main.storyboard;
			sourceTree = "<group>";
		};
		A14997911CD14229003669DB /* LaunchScreen.storyboard */ = {
			isa = PBXVariantGroup;
			children = (
				A14997921CD14229003669DB /* Base */,
			);
			name = LaunchScreen.storyboard;
			sourceTree = "<group>";
		};
/* End PBXVariantGroup section */

/* Begin XCBuildConfiguration section */
		A14997951CD14229003669DB /* Debug */ = {
			isa = XCBuildConfiguration;
			buildSettings = {
				ALWAYS_SEARCH_USER_PATHS = NO;
				CLANG_ANALYZER_NONNULL = YES;
				CLANG_CXX_LANGUAGE_STANDARD = "gnu++0x";
				CLANG_CXX_LIBRARY = "libc++";
				CLANG_ENABLE_MODULES = YES;
				CLANG_ENABLE_OBJC_ARC = YES;
				CLANG_WARN_BOOL_CONVERSION = YES;
				CLANG_WARN_CONSTANT_CONVERSION = YES;
				CLANG_WARN_DIRECT_OBJC_ISA_USAGE = YES_ERROR;
				CLANG_WARN_EMPTY_BODY = YES;
				CLANG_WARN_ENUM_CONVERSION = YES;
				CLANG_WARN_INT_CONVERSION = YES;
				CLANG_WARN_OBJC_ROOT_CLASS = YES_ERROR;
				CLANG_WARN_UNREACHABLE_CODE = YES;
				CLANG_WARN__DUPLICATE_METHOD_MATCH = YES;
				"CODE_SIGN_IDENTITY[sdk=iphoneos*]" = "iPhone Developer";
				COPY_PHASE_STRIP = NO;
				DEBUG_INFORMATION_FORMAT = dwarf;
				ENABLE_STRICT_OBJC_MSGSEND = YES;
				ENABLE_TESTABILITY = YES;
				GCC_C_LANGUAGE_STANDARD = gnu99;
				GCC_DYNAMIC_NO_PIC = NO;
				GCC_NO_COMMON_BLOCKS = YES;
				GCC_OPTIMIZATION_LEVEL = 0;
				GCC_PREPROCESSOR_DEFINITIONS = (
					"DEBUG=1",
					"$(inherited)",
				);
				GCC_WARN_64_TO_32_BIT_CONVERSION = YES;
				GCC_WARN_ABOUT_RETURN_TYPE = YES_ERROR;
				GCC_WARN_UNDECLARED_SELECTOR = YES;
				GCC_WARN_UNINITIALIZED_AUTOS = YES_AGGRESSIVE;
				GCC_WARN_UNUSED_FUNCTION = YES;
				GCC_WARN_UNUSED_VARIABLE = YES;
				IPHONEOS_DEPLOYMENT_TARGET = 9.3;
				MTL_ENABLE_DEBUG_INFO = YES;
				ONLY_ACTIVE_ARCH = YES;
				SDKROOT = iphoneos;
				SWIFT_OPTIMIZATION_LEVEL = "-Onone";
			};
			name = Debug;
		};
		A14997961CD14229003669DB /* Release */ = {
			isa = XCBuildConfiguration;
			buildSettings = {
				ALWAYS_SEARCH_USER_PATHS = NO;
				CLANG_ANALYZER_NONNULL = YES;
				CLANG_CXX_LANGUAGE_STANDARD = "gnu++0x";
				CLANG_CXX_LIBRARY = "libc++";
				CLANG_ENABLE_MODULES = YES;
				CLANG_ENABLE_OBJC_ARC = YES;
				CLANG_WARN_BOOL_CONVERSION = YES;
				CLANG_WARN_CONSTANT_CONVERSION = YES;
				CLANG_WARN_DIRECT_OBJC_ISA_USAGE = YES_ERROR;
				CLANG_WARN_EMPTY_BODY = YES;
				CLANG_WARN_ENUM_CONVERSION = YES;
				CLANG_WARN_INT_CONVERSION = YES;
				CLANG_WARN_OBJC_ROOT_CLASS = YES_ERROR;
				CLANG_WARN_UNREACHABLE_CODE = YES;
				CLANG_WARN__DUPLICATE_METHOD_MATCH = YES;
				"CODE_SIGN_IDENTITY[sdk=iphoneos*]" = "iPhone Developer";
				COPY_PHASE_STRIP = NO;
				DEBUG_INFORMATION_FORMAT = "dwarf-with-dsym";
				ENABLE_NS_ASSERTIONS = NO;
				ENABLE_STRICT_OBJC_MSGSEND = YES;
				GCC_C_LANGUAGE_STANDARD = gnu99;
				GCC_NO_COMMON_BLOCKS = YES;
				GCC_WARN_64_TO_32_BIT_CONVERSION = YES;
				GCC_WARN_ABOUT_RETURN_TYPE = YES_ERROR;
				GCC_WARN_UNDECLARED_SELECTOR = YES;
				GCC_WARN_UNINITIALIZED_AUTOS = YES_AGGRESSIVE;
				GCC_WARN_UNUSED_FUNCTION = YES;
				GCC_WARN_UNUSED_VARIABLE = YES;
				IPHONEOS_DEPLOYMENT_TARGET = 9.3;
				MTL_ENABLE_DEBUG_INFO = NO;
				SDKROOT = iphoneos;
				VALIDATE_PRODUCT = YES;
			};
			name = Release;
		};
		A14997981CD14229003669DB /* Debug */ = {
			isa = XCBuildConfiguration;
			buildSettings = {
				ASSETCATALOG_COMPILER_APPICON_NAME = AppIcon;
				INFOPLIST_FILE = First_draft/Info.plist;
				LD_RUNPATH_SEARCH_PATHS = "$(inherited) @executable_path/Frameworks";
				PRODUCT_BUNDLE_IDENTIFIER = "UCSD.First-draft";
				PRODUCT_NAME = "$(TARGET_NAME)";
			};
			name = Debug;
		};
		A14997991CD14229003669DB /* Release */ = {
			isa = XCBuildConfiguration;
			buildSettings = {
				ASSETCATALOG_COMPILER_APPICON_NAME = AppIcon;
				INFOPLIST_FILE = First_draft/Info.plist;
				LD_RUNPATH_SEARCH_PATHS = "$(inherited) @executable_path/Frameworks";
				PRODUCT_BUNDLE_IDENTIFIER = "UCSD.First-draft";
				PRODUCT_NAME = "$(TARGET_NAME)";
			};
			name = Release;
		};
/* End XCBuildConfiguration section */

/* Begin XCConfigurationList section */
		A14997801CD14229003669DB /* Build configuration list for PBXProject "First_draft" */ = {
			isa = XCConfigurationList;
			buildConfigurations = (
				A14997951CD14229003669DB /* Debug */,
				A14997961CD14229003669DB /* Release */,
			);
			defaultConfigurationIsVisible = 0;
			defaultConfigurationName = Release;
		};
		A14997971CD14229003669DB /* Build configuration list for PBXNativeTarget "First_draft" */ = {
			isa = XCConfigurationList;
			buildConfigurations = (
				A14997981CD14229003669DB /* Debug */,
				A14997991CD14229003669DB /* Release */,
			);
			defaultConfigurationIsVisible = 0;
		};
/* End XCConfigurationList section */
	};
	rootObject = A149977D1CD14229003669DB /* Project object */;
}
